
Microsoft Visual Studio Solution File, Format Version 12.00
# Visual Studio Version 16
VisualStudioVersion = 16.0.808.8
MinimumVisualStudioVersion = 10.0.40219.1
Project("{FAE04EC0-301F-11D3-BF4B-00C04F79EFBC}") = "AudioTagger", "AudioTagger.csproj", "{BE95D42D-81F3-42B0-9D7A-A9008E8A2440}"
EndProject
Global
	GlobalSection(SolutionConfigurationPlatforms) = preSolution
		Debug|Any CPU = Debug|Any CPU
		Release|Any CPU = Release|Any CPU
	EndGlobalSection
	GlobalSection(ProjectConfigurationPlatforms) = postSolution
		{BE95D42D-81F3-42B0-9D7A-A9008E8A2440}.Debug|Any CPU.ActiveCfg = Debug|Any CPU
		{BE95D42D-81F3-42B0-9D7A-A9008E8A2440}.Debug|Any CPU.Build.0 = Debug|Any CPU
		{BE95D42D-81F3-42B0-9D7A-A9008E8A2440}.Release|Any CPU.ActiveCfg = Release|Any CPU
		{BE95D42D-81F3-42B0-9D7A-A9008E8A2440}.Release|Any CPU.Build.0 = Release|Any CPU
	EndGlobalSection
	GlobalSection(SolutionProperties) = preSolution
		HideSolutionNode = FALSE
	EndGlobalSection
	GlobalSection(ExtensibilityGlobals) = postSolution
		SolutionGuid = {613FFB29-29A8-499C-9B1F-504148AEEB16}
	EndGlobalSection
EndGlobal
