
Microsoft Visual Studio Solution File, Format Version 12.00
# Visual Studio Version 16
VisualStudioVersion = 16.0.808.8
MinimumVisualStudioVersion = 10.0.40219.1
Project("{FAE04EC0-301F-11D3-BF4B-00C04F79EFBC}") = "AudioTagger.Library", "AudioTagger.Library\AudioTagger.Library.csproj", "{8A406F5C-F30C-4117-BE36-A8B7E1C204C3}"
EndProject
Project("{FAE04EC0-301F-11D3-BF4B-00C04F79EFBC}") = "AudioTagger.Console", "AudioTagger.Console\AudioTagger.Console.csproj", "{043B37EC-9A69-4F70-B240-0AE268189350}"
EndProject
Project("{FAE04EC0-301F-11D3-BF4B-00C04F79EFBC}") = "AudioTagger.Tests", "AudioTagger.Tests\AudioTagger.Tests.csproj", "{C1C64CA9-22A5-4553-ADB2-F2FEA6489019}"
EndProject
Project("{F2A71F9B-5D33-465A-A702-920D77279786}") = "AudioTagger.Library.FSharp", "AudioTagger.Library.FSharp\AudioTagger.Library.FSharp.fsproj", "{083BA285-BFCB-4A9F-B138-9480FD87336C}"
EndProject
Global
	GlobalSection(SolutionConfigurationPlatforms) = preSolution
		Debug|Any CPU = Debug|Any CPU
		Release|Any CPU = Release|Any CPU
	EndGlobalSection
	GlobalSection(ProjectConfigurationPlatforms) = postSolution
		{8A406F5C-F30C-4117-BE36-A8B7E1C204C3}.Debug|Any CPU.ActiveCfg = Debug|Any CPU
		{8A406F5C-F30C-4117-BE36-A8B7E1C204C3}.Debug|Any CPU.Build.0 = Debug|Any CPU
		{8A406F5C-F30C-4117-BE36-A8B7E1C204C3}.Release|Any CPU.ActiveCfg = Release|Any CPU
		{8A406F5C-F30C-4117-BE36-A8B7E1C204C3}.Release|Any CPU.Build.0 = Release|Any CPU
		{043B37EC-9A69-4F70-B240-0AE268189350}.Debug|Any CPU.ActiveCfg = Debug|Any CPU
		{043B37EC-9A69-4F70-B240-0AE268189350}.Debug|Any CPU.Build.0 = Debug|Any CPU
		{043B37EC-9A69-4F70-B240-0AE268189350}.Release|Any CPU.ActiveCfg = Release|Any CPU
		{043B37EC-9A69-4F70-B240-0AE268189350}.Release|Any CPU.Build.0 = Release|Any CPU
		{C1C64CA9-22A5-4553-ADB2-F2FEA6489019}.Debug|Any CPU.ActiveCfg = Debug|Any CPU
		{C1C64CA9-22A5-4553-ADB2-F2FEA6489019}.Debug|Any CPU.Build.0 = Debug|Any CPU
		{C1C64CA9-22A5-4553-ADB2-F2FEA6489019}.Release|Any CPU.ActiveCfg = Release|Any CPU
		{C1C64CA9-22A5-4553-ADB2-F2FEA6489019}.Release|Any CPU.Build.0 = Release|Any CPU
		{083BA285-BFCB-4A9F-B138-9480FD87336C}.Debug|Any CPU.ActiveCfg = Debug|Any CPU
		{083BA285-BFCB-4A9F-B138-9480FD87336C}.Debug|Any CPU.Build.0 = Debug|Any CPU
		{083BA285-BFCB-4A9F-B138-9480FD87336C}.Release|Any CPU.ActiveCfg = Release|Any CPU
		{083BA285-BFCB-4A9F-B138-9480FD87336C}.Release|Any CPU.Build.0 = Release|Any CPU
	EndGlobalSection
	GlobalSection(SolutionProperties) = preSolution
		HideSolutionNode = FALSE
	EndGlobalSection
	GlobalSection(ExtensibilityGlobals) = postSolution
		SolutionGuid = {613FFB29-29A8-499C-9B1F-504148AEEB16}
	EndGlobalSection
EndGlobal
